
Microsoft Visual Studio Solution File, Format Version 12.00
# Visual Studio Version 17
VisualStudioVersion = 17.0.32112.339
MinimumVisualStudioVersion = 10.0.40219.1
Project("{FAE04EC0-301F-11D3-BF4B-00C04F79EFBC}") = "Guessing Game", "Guessing Game\Guessing Game.csproj", "{319EF2DC-72DB-4523-82D5-DED58B6646F0}"
EndProject
Global
	GlobalSection(SolutionConfigurationPlatforms) = preSolution
		Debug|Any CPU = Debug|Any CPU
		Release|Any CPU = Release|Any CPU
	EndGlobalSection
	GlobalSection(ProjectConfigurationPlatforms) = postSolution
		{319EF2DC-72DB-4523-82D5-DED58B6646F0}.Debug|Any CPU.ActiveCfg = Debug|Any CPU
		{319EF2DC-72DB-4523-82D5-DED58B6646F0}.Debug|Any CPU.Build.0 = Debug|Any CPU
		{319EF2DC-72DB-4523-82D5-DED58B6646F0}.Release|Any CPU.ActiveCfg = Release|Any CPU
		{319EF2DC-72DB-4523-82D5-DED58B6646F0}.Release|Any CPU.Build.0 = Release|Any CPU
	EndGlobalSection
	GlobalSection(SolutionProperties) = preSolution
		HideSolutionNode = FALSE
	EndGlobalSection
	GlobalSection(ExtensibilityGlobals) = postSolution
		SolutionGuid = {F12556F4-5094-406A-ABB4-F0301FAA951B}
	EndGlobalSection
EndGlobal
